
Microsoft Visual Studio Solution File, Format Version 12.00
# Visual Studio Version 17
VisualStudioVersion = 17.0.32014.148
MinimumVisualStudioVersion = 10.0.40219.1
Project("{D954291E-2A0B-460D-934E-DC6B0785DB48}") = "EllipseAlignmentGtk.Shared", "EllipseAlignmentGtk\EllipseAlignmentGtk.Shared\EllipseAlignmentGtk.Shared.shproj", "{6279C845-92F8-4333-AB99-3D213163593C}"
EndProject
Project("{2150E333-8FDC-42A3-9474-1A3956D46DE8}") = "Platforms", "Platforms", "{CEF47E84-7FEF-4180-B396-18BFB6F581BE}"
EndProject
Project("{FAE04EC0-301F-11D3-BF4B-00C04F79EFBC}") = "EllipseAlignmentGtk.Droid", "EllipseAlignmentGtk\EllipseAlignmentGtk.Droid\EllipseAlignmentGtk.Droid.csproj", "{F7324175-1F26-4454-B1D1-4ED9A9106252}"
EndProject
Project("{FAE04EC0-301F-11D3-BF4B-00C04F79EFBC}") = "EllipseAlignmentGtk.iOS", "EllipseAlignmentGtk\EllipseAlignmentGtk.iOS\EllipseAlignmentGtk.iOS.csproj", "{68FE9298-33C1-476C-ABBC-70B59859D490}"
EndProject
Project("{FAE04EC0-301F-11D3-BF4B-00C04F79EFBC}") = "EllipseAlignmentGtk.UWP", "EllipseAlignmentGtk\EllipseAlignmentGtk.UWP\EllipseAlignmentGtk.UWP.csproj", "{79766263-292B-41F3-9D2B-AABF8A48A649}"
EndProject
Project("{FAE04EC0-301F-11D3-BF4B-00C04F79EFBC}") = "EllipseAlignmentGtk.Wasm", "EllipseAlignmentGtk\EllipseAlignmentGtk.Wasm\EllipseAlignmentGtk.Wasm.csproj", "{E786042E-9DB5-4846-AF83-378ACDFD9CB4}"
EndProject
Project("{FAE04EC0-301F-11D3-BF4B-00C04F79EFBC}") = "EllipseAlignmentGtk.macOS", "EllipseAlignmentGtk\EllipseAlignmentGtk.macOS\EllipseAlignmentGtk.macOS.csproj", "{FA09F981-15D8-4C0C-BD9A-C7FC1AF68EB9}"
EndProject
Project("{FAE04EC0-301F-11D3-BF4B-00C04F79EFBC}") = "EllipseAlignmentGtk.Skia.Wpf.Host", "EllipseAlignmentGtk\EllipseAlignmentGtk.Skia.Wpf.Host\EllipseAlignmentGtk.Skia.Wpf.Host.csproj", "{DFE414B7-CE8A-4901-AEF3-EA36BDD0923A}"
EndProject
Project("{FAE04EC0-301F-11D3-BF4B-00C04F79EFBC}") = "EllipseAlignmentGtk.Skia.Wpf", "EllipseAlignmentGtk\EllipseAlignmentGtk.Skia.Wpf\EllipseAlignmentGtk.Skia.Wpf.csproj", "{2421B2E5-E098-48F0-9559-DBCC94C31B68}"
EndProject
Project("{FAE04EC0-301F-11D3-BF4B-00C04F79EFBC}") = "EllipseAlignmentGtk.Skia.Gtk", "EllipseAlignmentGtk\EllipseAlignmentGtk.Skia.Gtk\EllipseAlignmentGtk.Skia.Gtk.csproj", "{717950A1-6771-4122-85BF-261497DDDAC6}"
EndProject
Project("{FAE04EC0-301F-11D3-BF4B-00C04F79EFBC}") = "EllipseAlignmentGtk.Skia.Tizen", "EllipseAlignmentGtk\EllipseAlignmentGtk.Skia.Tizen\EllipseAlignmentGtk.Skia.Tizen.csproj", "{41A13330-3052-4EF6-81EF-103CE0646BBA}"
EndProject
Global
	GlobalSection(SharedMSBuildProjectFiles) = preSolution
		EllipseAlignmentGtk\EllipseAlignmentGtk.Shared\EllipseAlignmentGtk.Shared.projitems*{2421b2e5-e098-48f0-9559-dbcc94c31b68}*SharedItemsImports = 5
		EllipseAlignmentGtk\EllipseAlignmentGtk.Shared\EllipseAlignmentGtk.Shared.projitems*{41a13330-3052-4ef6-81ef-103ce0646bba}*SharedItemsImports = 5
		EllipseAlignmentGtk\EllipseAlignmentGtk.Shared\EllipseAlignmentGtk.Shared.projitems*{6279c845-92f8-4333-ab99-3d213163593c}*SharedItemsImports = 13
		EllipseAlignmentGtk\EllipseAlignmentGtk.Shared\EllipseAlignmentGtk.Shared.projitems*{68fe9298-33c1-476c-abbc-70b59859d490}*SharedItemsImports = 4
		EllipseAlignmentGtk\EllipseAlignmentGtk.Shared\EllipseAlignmentGtk.Shared.projitems*{717950a1-6771-4122-85bf-261497dddac6}*SharedItemsImports = 5
		EllipseAlignmentGtk\EllipseAlignmentGtk.Shared\EllipseAlignmentGtk.Shared.projitems*{79766263-292b-41f3-9d2b-aabf8a48a649}*SharedItemsImports = 4
		EllipseAlignmentGtk\EllipseAlignmentGtk.Shared\EllipseAlignmentGtk.Shared.projitems*{e786042e-9db5-4846-af83-378acdfd9cb4}*SharedItemsImports = 5
		EllipseAlignmentGtk\EllipseAlignmentGtk.Shared\EllipseAlignmentGtk.Shared.projitems*{f7324175-1f26-4454-b1d1-4ed9a9106252}*SharedItemsImports = 4
		EllipseAlignmentGtk\EllipseAlignmentGtk.Shared\EllipseAlignmentGtk.Shared.projitems*{fa09f981-15d8-4c0c-bd9a-c7fc1af68eb9}*SharedItemsImports = 4
	EndGlobalSection
	GlobalSection(SolutionConfigurationPlatforms) = preSolution
		Ad-Hoc|Any CPU = Ad-Hoc|Any CPU
		Ad-Hoc|ARM = Ad-Hoc|ARM
		Ad-Hoc|ARM64 = Ad-Hoc|ARM64
		Ad-Hoc|iPhone = Ad-Hoc|iPhone
		Ad-Hoc|iPhoneSimulator = Ad-Hoc|iPhoneSimulator
		Ad-Hoc|x64 = Ad-Hoc|x64
		Ad-Hoc|x86 = Ad-Hoc|x86
		AppStore|Any CPU = AppStore|Any CPU
		AppStore|ARM = AppStore|ARM
		AppStore|ARM64 = AppStore|ARM64
		AppStore|iPhone = AppStore|iPhone
		AppStore|iPhoneSimulator = AppStore|iPhoneSimulator
		AppStore|x64 = AppStore|x64
		AppStore|x86 = AppStore|x86
		Debug|Any CPU = Debug|Any CPU
		Debug|ARM = Debug|ARM
		Debug|ARM64 = Debug|ARM64
		Debug|iPhone = Debug|iPhone
		Debug|iPhoneSimulator = Debug|iPhoneSimulator
		Debug|x64 = Debug|x64
		Debug|x86 = Debug|x86
		Release|Any CPU = Release|Any CPU
		Release|ARM = Release|ARM
		Release|ARM64 = Release|ARM64
		Release|iPhone = Release|iPhone
		Release|iPhoneSimulator = Release|iPhoneSimulator
		Release|x64 = Release|x64
		Release|x86 = Release|x86
	EndGlobalSection
	GlobalSection(ProjectConfigurationPlatforms) = postSolution
		{F7324175-1F26-4454-B1D1-4ED9A9106252}.Ad-Hoc|Any CPU.ActiveCfg = Debug|Any CPU
		{F7324175-1F26-4454-B1D1-4ED9A9106252}.Ad-Hoc|Any CPU.Build.0 = Debug|Any CPU
		{F7324175-1F26-4454-B1D1-4ED9A9106252}.Ad-Hoc|Any CPU.Deploy.0 = Debug|Any CPU
		{F7324175-1F26-4454-B1D1-4ED9A9106252}.Ad-Hoc|ARM.ActiveCfg = Debug|Any CPU
		{F7324175-1F26-4454-B1D1-4ED9A9106252}.Ad-Hoc|ARM.Build.0 = Debug|Any CPU
		{F7324175-1F26-4454-B1D1-4ED9A9106252}.Ad-Hoc|ARM.Deploy.0 = Debug|Any CPU
		{F7324175-1F26-4454-B1D1-4ED9A9106252}.Ad-Hoc|ARM64.ActiveCfg = Debug|Any CPU
		{F7324175-1F26-4454-B1D1-4ED9A9106252}.Ad-Hoc|ARM64.Build.0 = Debug|Any CPU
		{F7324175-1F26-4454-B1D1-4ED9A9106252}.Ad-Hoc|ARM64.Deploy.0 = Debug|Any CPU
		{F7324175-1F26-4454-B1D1-4ED9A9106252}.Ad-Hoc|iPhone.ActiveCfg = Debug|Any CPU
		{F7324175-1F26-4454-B1D1-4ED9A9106252}.Ad-Hoc|iPhone.Build.0 = Debug|Any CPU
		{F7324175-1F26-4454-B1D1-4ED9A9106252}.Ad-Hoc|iPhone.Deploy.0 = Debug|Any CPU
		{F7324175-1F26-4454-B1D1-4ED9A9106252}.Ad-Hoc|iPhoneSimulator.ActiveCfg = Debug|Any CPU
		{F7324175-1F26-4454-B1D1-4ED9A9106252}.Ad-Hoc|iPhoneSimulator.Build.0 = Debug|Any CPU
		{F7324175-1F26-4454-B1D1-4ED9A9106252}.Ad-Hoc|iPhoneSimulator.Deploy.0 = Debug|Any CPU
		{F7324175-1F26-4454-B1D1-4ED9A9106252}.Ad-Hoc|x64.ActiveCfg = Debug|Any CPU
		{F7324175-1F26-4454-B1D1-4ED9A9106252}.Ad-Hoc|x64.Build.0 = Debug|Any CPU
		{F7324175-1F26-4454-B1D1-4ED9A9106252}.Ad-Hoc|x64.Deploy.0 = Debug|Any CPU
		{F7324175-1F26-4454-B1D1-4ED9A9106252}.Ad-Hoc|x86.ActiveCfg = Debug|Any CPU
		{F7324175-1F26-4454-B1D1-4ED9A9106252}.Ad-Hoc|x86.Build.0 = Debug|Any CPU
		{F7324175-1F26-4454-B1D1-4ED9A9106252}.Ad-Hoc|x86.Deploy.0 = Debug|Any CPU
		{F7324175-1F26-4454-B1D1-4ED9A9106252}.AppStore|Any CPU.ActiveCfg = Debug|Any CPU
		{F7324175-1F26-4454-B1D1-4ED9A9106252}.AppStore|Any CPU.Build.0 = Debug|Any CPU
		{F7324175-1F26-4454-B1D1-4ED9A9106252}.AppStore|Any CPU.Deploy.0 = Debug|Any CPU
		{F7324175-1F26-4454-B1D1-4ED9A9106252}.AppStore|ARM.ActiveCfg = Debug|Any CPU
		{F7324175-1F26-4454-B1D1-4ED9A9106252}.AppStore|ARM.Build.0 = Debug|Any CPU
		{F7324175-1F26-4454-B1D1-4ED9A9106252}.AppStore|ARM.Deploy.0 = Debug|Any CPU
		{F7324175-1F26-4454-B1D1-4ED9A9106252}.AppStore|ARM64.ActiveCfg = Debug|Any CPU
		{F7324175-1F26-4454-B1D1-4ED9A9106252}.AppStore|ARM64.Build.0 = Debug|Any CPU
		{F7324175-1F26-4454-B1D1-4ED9A9106252}.AppStore|ARM64.Deploy.0 = Debug|Any CPU
		{F7324175-1F26-4454-B1D1-4ED9A9106252}.AppStore|iPhone.ActiveCfg = Debug|Any CPU
		{F7324175-1F26-4454-B1D1-4ED9A9106252}.AppStore|iPhone.Build.0 = Debug|Any CPU
		{F7324175-1F26-4454-B1D1-4ED9A9106252}.AppStore|iPhone.Deploy.0 = Debug|Any CPU
		{F7324175-1F26-4454-B1D1-4ED9A9106252}.AppStore|iPhoneSimulator.ActiveCfg = Debug|Any CPU
		{F7324175-1F26-4454-B1D1-4ED9A9106252}.AppStore|iPhoneSimulator.Build.0 = Debug|Any CPU
		{F7324175-1F26-4454-B1D1-4ED9A9106252}.AppStore|iPhoneSimulator.Deploy.0 = Debug|Any CPU
		{F7324175-1F26-4454-B1D1-4ED9A9106252}.AppStore|x64.ActiveCfg = Debug|Any CPU
		{F7324175-1F26-4454-B1D1-4ED9A9106252}.AppStore|x64.Build.0 = Debug|Any CPU
		{F7324175-1F26-4454-B1D1-4ED9A9106252}.AppStore|x64.Deploy.0 = Debug|Any CPU
		{F7324175-1F26-4454-B1D1-4ED9A9106252}.AppStore|x86.ActiveCfg = Debug|Any CPU
		{F7324175-1F26-4454-B1D1-4ED9A9106252}.AppStore|x86.Build.0 = Debug|Any CPU
		{F7324175-1F26-4454-B1D1-4ED9A9106252}.AppStore|x86.Deploy.0 = Debug|Any CPU
		{F7324175-1F26-4454-B1D1-4ED9A9106252}.Debug|Any CPU.ActiveCfg = Debug|Any CPU
		{F7324175-1F26-4454-B1D1-4ED9A9106252}.Debug|Any CPU.Build.0 = Debug|Any CPU
		{F7324175-1F26-4454-B1D1-4ED9A9106252}.Debug|Any CPU.Deploy.0 = Debug|Any CPU
		{F7324175-1F26-4454-B1D1-4ED9A9106252}.Debug|ARM.ActiveCfg = Debug|Any CPU
		{F7324175-1F26-4454-B1D1-4ED9A9106252}.Debug|ARM.Build.0 = Debug|Any CPU
		{F7324175-1F26-4454-B1D1-4ED9A9106252}.Debug|ARM.Deploy.0 = Debug|Any CPU
		{F7324175-1F26-4454-B1D1-4ED9A9106252}.Debug|ARM64.ActiveCfg = Debug|Any CPU
		{F7324175-1F26-4454-B1D1-4ED9A9106252}.Debug|ARM64.Build.0 = Debug|Any CPU
		{F7324175-1F26-4454-B1D1-4ED9A9106252}.Debug|ARM64.Deploy.0 = Debug|Any CPU
		{F7324175-1F26-4454-B1D1-4ED9A9106252}.Debug|iPhone.ActiveCfg = Debug|Any CPU
		{F7324175-1F26-4454-B1D1-4ED9A9106252}.Debug|iPhone.Build.0 = Debug|Any CPU
		{F7324175-1F26-4454-B1D1-4ED9A9106252}.Debug|iPhone.Deploy.0 = Debug|Any CPU
		{F7324175-1F26-4454-B1D1-4ED9A9106252}.Debug|iPhoneSimulator.ActiveCfg = Debug|Any CPU
		{F7324175-1F26-4454-B1D1-4ED9A9106252}.Debug|iPhoneSimulator.Build.0 = Debug|Any CPU
		{F7324175-1F26-4454-B1D1-4ED9A9106252}.Debug|iPhoneSimulator.Deploy.0 = Debug|Any CPU
		{F7324175-1F26-4454-B1D1-4ED9A9106252}.Debug|x64.ActiveCfg = Debug|Any CPU
		{F7324175-1F26-4454-B1D1-4ED9A9106252}.Debug|x64.Build.0 = Debug|Any CPU
		{F7324175-1F26-4454-B1D1-4ED9A9106252}.Debug|x64.Deploy.0 = Debug|Any CPU
		{F7324175-1F26-4454-B1D1-4ED9A9106252}.Debug|x86.ActiveCfg = Debug|Any CPU
		{F7324175-1F26-4454-B1D1-4ED9A9106252}.Debug|x86.Build.0 = Debug|Any CPU
		{F7324175-1F26-4454-B1D1-4ED9A9106252}.Debug|x86.Deploy.0 = Debug|Any CPU
		{F7324175-1F26-4454-B1D1-4ED9A9106252}.Release|Any CPU.ActiveCfg = Release|Any CPU
		{F7324175-1F26-4454-B1D1-4ED9A9106252}.Release|Any CPU.Build.0 = Release|Any CPU
		{F7324175-1F26-4454-B1D1-4ED9A9106252}.Release|Any CPU.Deploy.0 = Release|Any CPU
		{F7324175-1F26-4454-B1D1-4ED9A9106252}.Release|ARM.ActiveCfg = Release|Any CPU
		{F7324175-1F26-4454-B1D1-4ED9A9106252}.Release|ARM.Build.0 = Release|Any CPU
		{F7324175-1F26-4454-B1D1-4ED9A9106252}.Release|ARM.Deploy.0 = Release|Any CPU
		{F7324175-1F26-4454-B1D1-4ED9A9106252}.Release|ARM64.ActiveCfg = Release|Any CPU
		{F7324175-1F26-4454-B1D1-4ED9A9106252}.Release|ARM64.Build.0 = Release|Any CPU
		{F7324175-1F26-4454-B1D1-4ED9A9106252}.Release|ARM64.Deploy.0 = Release|Any CPU
		{F7324175-1F26-4454-B1D1-4ED9A9106252}.Release|iPhone.ActiveCfg = Release|Any CPU
		{F7324175-1F26-4454-B1D1-4ED9A9106252}.Release|iPhone.Build.0 = Release|Any CPU
		{F7324175-1F26-4454-B1D1-4ED9A9106252}.Release|iPhone.Deploy.0 = Release|Any CPU
		{F7324175-1F26-4454-B1D1-4ED9A9106252}.Release|iPhoneSimulator.ActiveCfg = Release|Any CPU
		{F7324175-1F26-4454-B1D1-4ED9A9106252}.Release|iPhoneSimulator.Build.0 = Release|Any CPU
		{F7324175-1F26-4454-B1D1-4ED9A9106252}.Release|iPhoneSimulator.Deploy.0 = Release|Any CPU
		{F7324175-1F26-4454-B1D1-4ED9A9106252}.Release|x64.ActiveCfg = Release|Any CPU
		{F7324175-1F26-4454-B1D1-4ED9A9106252}.Release|x64.Build.0 = Release|Any CPU
		{F7324175-1F26-4454-B1D1-4ED9A9106252}.Release|x64.Deploy.0 = Release|Any CPU
		{F7324175-1F26-4454-B1D1-4ED9A9106252}.Release|x86.ActiveCfg = Release|Any CPU
		{F7324175-1F26-4454-B1D1-4ED9A9106252}.Release|x86.Build.0 = Release|Any CPU
		{F7324175-1F26-4454-B1D1-4ED9A9106252}.Release|x86.Deploy.0 = Release|Any CPU
		{68FE9298-33C1-476C-ABBC-70B59859D490}.Ad-Hoc|Any CPU.ActiveCfg = Ad-Hoc|iPhoneSimulator
		{68FE9298-33C1-476C-ABBC-70B59859D490}.Ad-Hoc|Any CPU.Build.0 = Ad-Hoc|iPhoneSimulator
		{68FE9298-33C1-476C-ABBC-70B59859D490}.Ad-Hoc|ARM.ActiveCfg = Ad-Hoc|iPhoneSimulator
		{68FE9298-33C1-476C-ABBC-70B59859D490}.Ad-Hoc|ARM.Build.0 = Ad-Hoc|iPhoneSimulator
		{68FE9298-33C1-476C-ABBC-70B59859D490}.Ad-Hoc|ARM64.ActiveCfg = Ad-Hoc|iPhoneSimulator
		{68FE9298-33C1-476C-ABBC-70B59859D490}.Ad-Hoc|ARM64.Build.0 = Ad-Hoc|iPhoneSimulator
		{68FE9298-33C1-476C-ABBC-70B59859D490}.Ad-Hoc|iPhone.ActiveCfg = Ad-Hoc|iPhone
		{68FE9298-33C1-476C-ABBC-70B59859D490}.Ad-Hoc|iPhone.Build.0 = Ad-Hoc|iPhone
		{68FE9298-33C1-476C-ABBC-70B59859D490}.Ad-Hoc|iPhoneSimulator.ActiveCfg = Ad-Hoc|iPhoneSimulator
		{68FE9298-33C1-476C-ABBC-70B59859D490}.Ad-Hoc|iPhoneSimulator.Build.0 = Ad-Hoc|iPhoneSimulator
		{68FE9298-33C1-476C-ABBC-70B59859D490}.Ad-Hoc|x64.ActiveCfg = Ad-Hoc|iPhoneSimulator
		{68FE9298-33C1-476C-ABBC-70B59859D490}.Ad-Hoc|x64.Build.0 = Ad-Hoc|iPhoneSimulator
		{68FE9298-33C1-476C-ABBC-70B59859D490}.Ad-Hoc|x86.ActiveCfg = Ad-Hoc|iPhoneSimulator
		{68FE9298-33C1-476C-ABBC-70B59859D490}.Ad-Hoc|x86.Build.0 = Ad-Hoc|iPhoneSimulator
		{68FE9298-33C1-476C-ABBC-70B59859D490}.AppStore|Any CPU.ActiveCfg = AppStore|iPhoneSimulator
		{68FE9298-33C1-476C-ABBC-70B59859D490}.AppStore|Any CPU.Build.0 = AppStore|iPhoneSimulator
		{68FE9298-33C1-476C-ABBC-70B59859D490}.AppStore|ARM.ActiveCfg = AppStore|iPhoneSimulator
		{68FE9298-33C1-476C-ABBC-70B59859D490}.AppStore|ARM.Build.0 = AppStore|iPhoneSimulator
		{68FE9298-33C1-476C-ABBC-70B59859D490}.AppStore|ARM64.ActiveCfg = AppStore|iPhoneSimulator
		{68FE9298-33C1-476C-ABBC-70B59859D490}.AppStore|ARM64.Build.0 = AppStore|iPhoneSimulator
		{68FE9298-33C1-476C-ABBC-70B59859D490}.AppStore|iPhone.ActiveCfg = AppStore|iPhone
		{68FE9298-33C1-476C-ABBC-70B59859D490}.AppStore|iPhone.Build.0 = AppStore|iPhone
		{68FE9298-33C1-476C-ABBC-70B59859D490}.AppStore|iPhoneSimulator.ActiveCfg = AppStore|iPhoneSimulator
		{68FE9298-33C1-476C-ABBC-70B59859D490}.AppStore|iPhoneSimulator.Build.0 = AppStore|iPhoneSimulator
		{68FE9298-33C1-476C-ABBC-70B59859D490}.AppStore|x64.ActiveCfg = AppStore|iPhoneSimulator
		{68FE9298-33C1-476C-ABBC-70B59859D490}.AppStore|x64.Build.0 = AppStore|iPhoneSimulator
		{68FE9298-33C1-476C-ABBC-70B59859D490}.AppStore|x86.ActiveCfg = AppStore|iPhoneSimulator
		{68FE9298-33C1-476C-ABBC-70B59859D490}.AppStore|x86.Build.0 = AppStore|iPhoneSimulator
		{68FE9298-33C1-476C-ABBC-70B59859D490}.Debug|Any CPU.ActiveCfg = Debug|iPhoneSimulator
		{68FE9298-33C1-476C-ABBC-70B59859D490}.Debug|Any CPU.Build.0 = Debug|iPhoneSimulator
		{68FE9298-33C1-476C-ABBC-70B59859D490}.Debug|ARM.ActiveCfg = Debug|iPhoneSimulator
		{68FE9298-33C1-476C-ABBC-70B59859D490}.Debug|ARM.Build.0 = Debug|iPhoneSimulator
		{68FE9298-33C1-476C-ABBC-70B59859D490}.Debug|ARM64.ActiveCfg = Debug|iPhoneSimulator
		{68FE9298-33C1-476C-ABBC-70B59859D490}.Debug|ARM64.Build.0 = Debug|iPhoneSimulator
		{68FE9298-33C1-476C-ABBC-70B59859D490}.Debug|iPhone.ActiveCfg = Debug|iPhone
		{68FE9298-33C1-476C-ABBC-70B59859D490}.Debug|iPhone.Build.0 = Debug|iPhone
		{68FE9298-33C1-476C-ABBC-70B59859D490}.Debug|iPhoneSimulator.ActiveCfg = Debug|iPhoneSimulator
		{68FE9298-33C1-476C-ABBC-70B59859D490}.Debug|iPhoneSimulator.Build.0 = Debug|iPhoneSimulator
		{68FE9298-33C1-476C-ABBC-70B59859D490}.Debug|x64.ActiveCfg = Debug|iPhoneSimulator
		{68FE9298-33C1-476C-ABBC-70B59859D490}.Debug|x64.Build.0 = Debug|iPhoneSimulator
		{68FE9298-33C1-476C-ABBC-70B59859D490}.Debug|x86.ActiveCfg = Debug|iPhoneSimulator
		{68FE9298-33C1-476C-ABBC-70B59859D490}.Debug|x86.Build.0 = Debug|iPhoneSimulator
		{68FE9298-33C1-476C-ABBC-70B59859D490}.Release|Any CPU.ActiveCfg = Release|iPhoneSimulator
		{68FE9298-33C1-476C-ABBC-70B59859D490}.Release|Any CPU.Build.0 = Release|iPhoneSimulator
		{68FE9298-33C1-476C-ABBC-70B59859D490}.Release|ARM.ActiveCfg = Release|iPhoneSimulator
		{68FE9298-33C1-476C-ABBC-70B59859D490}.Release|ARM.Build.0 = Release|iPhoneSimulator
		{68FE9298-33C1-476C-ABBC-70B59859D490}.Release|ARM64.ActiveCfg = Release|iPhoneSimulator
		{68FE9298-33C1-476C-ABBC-70B59859D490}.Release|ARM64.Build.0 = Release|iPhoneSimulator
		{68FE9298-33C1-476C-ABBC-70B59859D490}.Release|iPhone.ActiveCfg = Release|iPhone
		{68FE9298-33C1-476C-ABBC-70B59859D490}.Release|iPhone.Build.0 = Release|iPhone
		{68FE9298-33C1-476C-ABBC-70B59859D490}.Release|iPhoneSimulator.ActiveCfg = Release|iPhoneSimulator
		{68FE9298-33C1-476C-ABBC-70B59859D490}.Release|iPhoneSimulator.Build.0 = Release|iPhoneSimulator
		{68FE9298-33C1-476C-ABBC-70B59859D490}.Release|x64.ActiveCfg = Release|iPhoneSimulator
		{68FE9298-33C1-476C-ABBC-70B59859D490}.Release|x64.Build.0 = Release|iPhoneSimulator
		{68FE9298-33C1-476C-ABBC-70B59859D490}.Release|x86.ActiveCfg = Release|iPhoneSimulator
		{68FE9298-33C1-476C-ABBC-70B59859D490}.Release|x86.Build.0 = Release|iPhoneSimulator
		{79766263-292B-41F3-9D2B-AABF8A48A649}.Ad-Hoc|Any CPU.ActiveCfg = Debug|x86
		{79766263-292B-41F3-9D2B-AABF8A48A649}.Ad-Hoc|Any CPU.Build.0 = Debug|x86
		{79766263-292B-41F3-9D2B-AABF8A48A649}.Ad-Hoc|Any CPU.Deploy.0 = Debug|x86
		{79766263-292B-41F3-9D2B-AABF8A48A649}.Ad-Hoc|ARM.ActiveCfg = Debug|ARM
		{79766263-292B-41F3-9D2B-AABF8A48A649}.Ad-Hoc|ARM.Build.0 = Debug|ARM
		{79766263-292B-41F3-9D2B-AABF8A48A649}.Ad-Hoc|ARM.Deploy.0 = Debug|ARM
		{79766263-292B-41F3-9D2B-AABF8A48A649}.Ad-Hoc|ARM64.ActiveCfg = Debug|ARM64
		{79766263-292B-41F3-9D2B-AABF8A48A649}.Ad-Hoc|ARM64.Build.0 = Debug|ARM64
		{79766263-292B-41F3-9D2B-AABF8A48A649}.Ad-Hoc|ARM64.Deploy.0 = Debug|ARM64
		{79766263-292B-41F3-9D2B-AABF8A48A649}.Ad-Hoc|iPhone.ActiveCfg = Debug|x86
		{79766263-292B-41F3-9D2B-AABF8A48A649}.Ad-Hoc|iPhone.Build.0 = Debug|x86
		{79766263-292B-41F3-9D2B-AABF8A48A649}.Ad-Hoc|iPhone.Deploy.0 = Debug|x86
		{79766263-292B-41F3-9D2B-AABF8A48A649}.Ad-Hoc|iPhoneSimulator.ActiveCfg = Debug|x86
		{79766263-292B-41F3-9D2B-AABF8A48A649}.Ad-Hoc|iPhoneSimulator.Build.0 = Debug|x86
		{79766263-292B-41F3-9D2B-AABF8A48A649}.Ad-Hoc|iPhoneSimulator.Deploy.0 = Debug|x86
		{79766263-292B-41F3-9D2B-AABF8A48A649}.Ad-Hoc|x64.ActiveCfg = Debug|x64
		{79766263-292B-41F3-9D2B-AABF8A48A649}.Ad-Hoc|x64.Build.0 = Debug|x64
		{79766263-292B-41F3-9D2B-AABF8A48A649}.Ad-Hoc|x64.Deploy.0 = Debug|x64
		{79766263-292B-41F3-9D2B-AABF8A48A649}.Ad-Hoc|x86.ActiveCfg = Debug|x86
		{79766263-292B-41F3-9D2B-AABF8A48A649}.Ad-Hoc|x86.Build.0 = Debug|x86
		{79766263-292B-41F3-9D2B-AABF8A48A649}.Ad-Hoc|x86.Deploy.0 = Debug|x86
		{79766263-292B-41F3-9D2B-AABF8A48A649}.AppStore|Any CPU.ActiveCfg = Debug|x86
		{79766263-292B-41F3-9D2B-AABF8A48A649}.AppStore|Any CPU.Build.0 = Debug|x86
		{79766263-292B-41F3-9D2B-AABF8A48A649}.AppStore|Any CPU.Deploy.0 = Debug|x86
		{79766263-292B-41F3-9D2B-AABF8A48A649}.AppStore|ARM.ActiveCfg = Debug|ARM
		{79766263-292B-41F3-9D2B-AABF8A48A649}.AppStore|ARM.Build.0 = Debug|ARM
		{79766263-292B-41F3-9D2B-AABF8A48A649}.AppStore|ARM.Deploy.0 = Debug|ARM
		{79766263-292B-41F3-9D2B-AABF8A48A649}.AppStore|ARM64.ActiveCfg = Debug|ARM64
		{79766263-292B-41F3-9D2B-AABF8A48A649}.AppStore|ARM64.Build.0 = Debug|ARM64
		{79766263-292B-41F3-9D2B-AABF8A48A649}.AppStore|ARM64.Deploy.0 = Debug|ARM64
		{79766263-292B-41F3-9D2B-AABF8A48A649}.AppStore|iPhone.ActiveCfg = Debug|x86
		{79766263-292B-41F3-9D2B-AABF8A48A649}.AppStore|iPhone.Build.0 = Debug|x86
		{79766263-292B-41F3-9D2B-AABF8A48A649}.AppStore|iPhone.Deploy.0 = Debug|x86
		{79766263-292B-41F3-9D2B-AABF8A48A649}.AppStore|iPhoneSimulator.ActiveCfg = Debug|x86
		{79766263-292B-41F3-9D2B-AABF8A48A649}.AppStore|iPhoneSimulator.Build.0 = Debug|x86
		{79766263-292B-41F3-9D2B-AABF8A48A649}.AppStore|iPhoneSimulator.Deploy.0 = Debug|x86
		{79766263-292B-41F3-9D2B-AABF8A48A649}.AppStore|x64.ActiveCfg = Debug|x64
		{79766263-292B-41F3-9D2B-AABF8A48A649}.AppStore|x64.Build.0 = Debug|x64
		{79766263-292B-41F3-9D2B-AABF8A48A649}.AppStore|x64.Deploy.0 = Debug|x64
		{79766263-292B-41F3-9D2B-AABF8A48A649}.AppStore|x86.ActiveCfg = Debug|x86
		{79766263-292B-41F3-9D2B-AABF8A48A649}.AppStore|x86.Build.0 = Debug|x86
		{79766263-292B-41F3-9D2B-AABF8A48A649}.AppStore|x86.Deploy.0 = Debug|x86
		{79766263-292B-41F3-9D2B-AABF8A48A649}.Debug|Any CPU.ActiveCfg = Debug|x64
		{79766263-292B-41F3-9D2B-AABF8A48A649}.Debug|Any CPU.Build.0 = Debug|x64
		{79766263-292B-41F3-9D2B-AABF8A48A649}.Debug|Any CPU.Deploy.0 = Debug|x64
		{79766263-292B-41F3-9D2B-AABF8A48A649}.Debug|ARM.ActiveCfg = Debug|ARM
		{79766263-292B-41F3-9D2B-AABF8A48A649}.Debug|ARM.Build.0 = Debug|ARM
		{79766263-292B-41F3-9D2B-AABF8A48A649}.Debug|ARM.Deploy.0 = Debug|ARM
		{79766263-292B-41F3-9D2B-AABF8A48A649}.Debug|ARM64.ActiveCfg = Debug|ARM64
		{79766263-292B-41F3-9D2B-AABF8A48A649}.Debug|ARM64.Build.0 = Debug|ARM64
		{79766263-292B-41F3-9D2B-AABF8A48A649}.Debug|ARM64.Deploy.0 = Debug|ARM64
		{79766263-292B-41F3-9D2B-AABF8A48A649}.Debug|iPhone.ActiveCfg = Debug|x64
		{79766263-292B-41F3-9D2B-AABF8A48A649}.Debug|iPhone.Build.0 = Debug|x64
		{79766263-292B-41F3-9D2B-AABF8A48A649}.Debug|iPhone.Deploy.0 = Debug|x64
		{79766263-292B-41F3-9D2B-AABF8A48A649}.Debug|iPhoneSimulator.ActiveCfg = Debug|x64
		{79766263-292B-41F3-9D2B-AABF8A48A649}.Debug|iPhoneSimulator.Build.0 = Debug|x64
		{79766263-292B-41F3-9D2B-AABF8A48A649}.Debug|iPhoneSimulator.Deploy.0 = Debug|x64
		{79766263-292B-41F3-9D2B-AABF8A48A649}.Debug|x64.ActiveCfg = Debug|x64
		{79766263-292B-41F3-9D2B-AABF8A48A649}.Debug|x64.Build.0 = Debug|x64
		{79766263-292B-41F3-9D2B-AABF8A48A649}.Debug|x64.Deploy.0 = Debug|x64
		{79766263-292B-41F3-9D2B-AABF8A48A649}.Debug|x86.ActiveCfg = Debug|x86
		{79766263-292B-41F3-9D2B-AABF8A48A649}.Debug|x86.Build.0 = Debug|x86
		{79766263-292B-41F3-9D2B-AABF8A48A649}.Debug|x86.Deploy.0 = Debug|x86
		{79766263-292B-41F3-9D2B-AABF8A48A649}.Release|Any CPU.ActiveCfg = Release|x64
		{79766263-292B-41F3-9D2B-AABF8A48A649}.Release|Any CPU.Build.0 = Release|x64
		{79766263-292B-41F3-9D2B-AABF8A48A649}.Release|Any CPU.Deploy.0 = Release|x64
		{79766263-292B-41F3-9D2B-AABF8A48A649}.Release|ARM.ActiveCfg = Release|ARM
		{79766263-292B-41F3-9D2B-AABF8A48A649}.Release|ARM.Build.0 = Release|ARM
		{79766263-292B-41F3-9D2B-AABF8A48A649}.Release|ARM.Deploy.0 = Release|ARM
		{79766263-292B-41F3-9D2B-AABF8A48A649}.Release|ARM64.ActiveCfg = Release|ARM64
		{79766263-292B-41F3-9D2B-AABF8A48A649}.Release|ARM64.Build.0 = Release|ARM64
		{79766263-292B-41F3-9D2B-AABF8A48A649}.Release|ARM64.Deploy.0 = Release|ARM64
		{79766263-292B-41F3-9D2B-AABF8A48A649}.Release|iPhone.ActiveCfg = Release|x64
		{79766263-292B-41F3-9D2B-AABF8A48A649}.Release|iPhone.Build.0 = Release|x64
		{79766263-292B-41F3-9D2B-AABF8A48A649}.Release|iPhone.Deploy.0 = Release|x64
		{79766263-292B-41F3-9D2B-AABF8A48A649}.Release|iPhoneSimulator.ActiveCfg = Release|x64
		{79766263-292B-41F3-9D2B-AABF8A48A649}.Release|iPhoneSimulator.Build.0 = Release|x64
		{79766263-292B-41F3-9D2B-AABF8A48A649}.Release|iPhoneSimulator.Deploy.0 = Release|x64
		{79766263-292B-41F3-9D2B-AABF8A48A649}.Release|x64.ActiveCfg = Release|x64
		{79766263-292B-41F3-9D2B-AABF8A48A649}.Release|x64.Build.0 = Release|x64
		{79766263-292B-41F3-9D2B-AABF8A48A649}.Release|x64.Deploy.0 = Release|x64
		{79766263-292B-41F3-9D2B-AABF8A48A649}.Release|x86.ActiveCfg = Release|x86
		{79766263-292B-41F3-9D2B-AABF8A48A649}.Release|x86.Build.0 = Release|x86
		{79766263-292B-41F3-9D2B-AABF8A48A649}.Release|x86.Deploy.0 = Release|x86
		{E786042E-9DB5-4846-AF83-378ACDFD9CB4}.Ad-Hoc|Any CPU.ActiveCfg = Debug|Any CPU
		{E786042E-9DB5-4846-AF83-378ACDFD9CB4}.Ad-Hoc|Any CPU.Build.0 = Debug|Any CPU
		{E786042E-9DB5-4846-AF83-378ACDFD9CB4}.Ad-Hoc|ARM.ActiveCfg = Debug|Any CPU
		{E786042E-9DB5-4846-AF83-378ACDFD9CB4}.Ad-Hoc|ARM.Build.0 = Debug|Any CPU
		{E786042E-9DB5-4846-AF83-378ACDFD9CB4}.Ad-Hoc|ARM64.ActiveCfg = Debug|Any CPU
		{E786042E-9DB5-4846-AF83-378ACDFD9CB4}.Ad-Hoc|ARM64.Build.0 = Debug|Any CPU
		{E786042E-9DB5-4846-AF83-378ACDFD9CB4}.Ad-Hoc|iPhone.ActiveCfg = Debug|Any CPU
		{E786042E-9DB5-4846-AF83-378ACDFD9CB4}.Ad-Hoc|iPhone.Build.0 = Debug|Any CPU
		{E786042E-9DB5-4846-AF83-378ACDFD9CB4}.Ad-Hoc|iPhoneSimulator.ActiveCfg = Debug|Any CPU
		{E786042E-9DB5-4846-AF83-378ACDFD9CB4}.Ad-Hoc|iPhoneSimulator.Build.0 = Debug|Any CPU
		{E786042E-9DB5-4846-AF83-378ACDFD9CB4}.Ad-Hoc|x64.ActiveCfg = Debug|Any CPU
		{E786042E-9DB5-4846-AF83-378ACDFD9CB4}.Ad-Hoc|x64.Build.0 = Debug|Any CPU
		{E786042E-9DB5-4846-AF83-378ACDFD9CB4}.Ad-Hoc|x86.ActiveCfg = Debug|Any CPU
		{E786042E-9DB5-4846-AF83-378ACDFD9CB4}.Ad-Hoc|x86.Build.0 = Debug|Any CPU
		{E786042E-9DB5-4846-AF83-378ACDFD9CB4}.AppStore|Any CPU.ActiveCfg = Debug|Any CPU
		{E786042E-9DB5-4846-AF83-378ACDFD9CB4}.AppStore|Any CPU.Build.0 = Debug|Any CPU
		{E786042E-9DB5-4846-AF83-378ACDFD9CB4}.AppStore|ARM.ActiveCfg = Debug|Any CPU
		{E786042E-9DB5-4846-AF83-378ACDFD9CB4}.AppStore|ARM.Build.0 = Debug|Any CPU
		{E786042E-9DB5-4846-AF83-378ACDFD9CB4}.AppStore|ARM64.ActiveCfg = Debug|Any CPU
		{E786042E-9DB5-4846-AF83-378ACDFD9CB4}.AppStore|ARM64.Build.0 = Debug|Any CPU
		{E786042E-9DB5-4846-AF83-378ACDFD9CB4}.AppStore|iPhone.ActiveCfg = Debug|Any CPU
		{E786042E-9DB5-4846-AF83-378ACDFD9CB4}.AppStore|iPhone.Build.0 = Debug|Any CPU
		{E786042E-9DB5-4846-AF83-378ACDFD9CB4}.AppStore|iPhoneSimulator.ActiveCfg = Debug|Any CPU
		{E786042E-9DB5-4846-AF83-378ACDFD9CB4}.AppStore|iPhoneSimulator.Build.0 = Debug|Any CPU
		{E786042E-9DB5-4846-AF83-378ACDFD9CB4}.AppStore|x64.ActiveCfg = Debug|Any CPU
		{E786042E-9DB5-4846-AF83-378ACDFD9CB4}.AppStore|x64.Build.0 = Debug|Any CPU
		{E786042E-9DB5-4846-AF83-378ACDFD9CB4}.AppStore|x86.ActiveCfg = Debug|Any CPU
		{E786042E-9DB5-4846-AF83-378ACDFD9CB4}.AppStore|x86.Build.0 = Debug|Any CPU
		{E786042E-9DB5-4846-AF83-378ACDFD9CB4}.Debug|Any CPU.ActiveCfg = Debug|Any CPU
		{E786042E-9DB5-4846-AF83-378ACDFD9CB4}.Debug|Any CPU.Build.0 = Debug|Any CPU
		{E786042E-9DB5-4846-AF83-378ACDFD9CB4}.Debug|ARM.ActiveCfg = Debug|Any CPU
		{E786042E-9DB5-4846-AF83-378ACDFD9CB4}.Debug|ARM.Build.0 = Debug|Any CPU
		{E786042E-9DB5-4846-AF83-378ACDFD9CB4}.Debug|ARM64.ActiveCfg = Debug|Any CPU
		{E786042E-9DB5-4846-AF83-378ACDFD9CB4}.Debug|ARM64.Build.0 = Debug|Any CPU
		{E786042E-9DB5-4846-AF83-378ACDFD9CB4}.Debug|iPhone.ActiveCfg = Debug|Any CPU
		{E786042E-9DB5-4846-AF83-378ACDFD9CB4}.Debug|iPhone.Build.0 = Debug|Any CPU
		{E786042E-9DB5-4846-AF83-378ACDFD9CB4}.Debug|iPhoneSimulator.ActiveCfg = Debug|Any CPU
		{E786042E-9DB5-4846-AF83-378ACDFD9CB4}.Debug|iPhoneSimulator.Build.0 = Debug|Any CPU
		{E786042E-9DB5-4846-AF83-378ACDFD9CB4}.Debug|x64.ActiveCfg = Debug|Any CPU
		{E786042E-9DB5-4846-AF83-378ACDFD9CB4}.Debug|x64.Build.0 = Debug|Any CPU
		{E786042E-9DB5-4846-AF83-378ACDFD9CB4}.Debug|x86.ActiveCfg = Debug|Any CPU
		{E786042E-9DB5-4846-AF83-378ACDFD9CB4}.Debug|x86.Build.0 = Debug|Any CPU
		{E786042E-9DB5-4846-AF83-378ACDFD9CB4}.Release|Any CPU.ActiveCfg = Release|Any CPU
		{E786042E-9DB5-4846-AF83-378ACDFD9CB4}.Release|Any CPU.Build.0 = Release|Any CPU
		{E786042E-9DB5-4846-AF83-378ACDFD9CB4}.Release|ARM.ActiveCfg = Release|Any CPU
		{E786042E-9DB5-4846-AF83-378ACDFD9CB4}.Release|ARM.Build.0 = Release|Any CPU
		{E786042E-9DB5-4846-AF83-378ACDFD9CB4}.Release|ARM64.ActiveCfg = Release|Any CPU
		{E786042E-9DB5-4846-AF83-378ACDFD9CB4}.Release|ARM64.Build.0 = Release|Any CPU
		{E786042E-9DB5-4846-AF83-378ACDFD9CB4}.Release|iPhone.ActiveCfg = Release|Any CPU
		{E786042E-9DB5-4846-AF83-378ACDFD9CB4}.Release|iPhone.Build.0 = Release|Any CPU
		{E786042E-9DB5-4846-AF83-378ACDFD9CB4}.Release|iPhoneSimulator.ActiveCfg = Release|Any CPU
		{E786042E-9DB5-4846-AF83-378ACDFD9CB4}.Release|iPhoneSimulator.Build.0 = Release|Any CPU
		{E786042E-9DB5-4846-AF83-378ACDFD9CB4}.Release|x64.ActiveCfg = Release|Any CPU
		{E786042E-9DB5-4846-AF83-378ACDFD9CB4}.Release|x64.Build.0 = Release|Any CPU
		{E786042E-9DB5-4846-AF83-378ACDFD9CB4}.Release|x86.ActiveCfg = Release|Any CPU
		{E786042E-9DB5-4846-AF83-378ACDFD9CB4}.Release|x86.Build.0 = Release|Any CPU
		{FA09F981-15D8-4C0C-BD9A-C7FC1AF68EB9}.Ad-Hoc|Any CPU.ActiveCfg = Debug|iPhoneSimulator
		{FA09F981-15D8-4C0C-BD9A-C7FC1AF68EB9}.Ad-Hoc|Any CPU.Build.0 = Debug|iPhoneSimulator
		{FA09F981-15D8-4C0C-BD9A-C7FC1AF68EB9}.Ad-Hoc|ARM.ActiveCfg = Debug|iPhoneSimulator
		{FA09F981-15D8-4C0C-BD9A-C7FC1AF68EB9}.Ad-Hoc|ARM.Build.0 = Debug|iPhoneSimulator
		{FA09F981-15D8-4C0C-BD9A-C7FC1AF68EB9}.Ad-Hoc|ARM64.ActiveCfg = Debug|iPhoneSimulator
		{FA09F981-15D8-4C0C-BD9A-C7FC1AF68EB9}.Ad-Hoc|ARM64.Build.0 = Debug|iPhoneSimulator
		{FA09F981-15D8-4C0C-BD9A-C7FC1AF68EB9}.Ad-Hoc|iPhone.ActiveCfg = Debug|iPhoneSimulator
		{FA09F981-15D8-4C0C-BD9A-C7FC1AF68EB9}.Ad-Hoc|iPhone.Build.0 = Debug|iPhoneSimulator
		{FA09F981-15D8-4C0C-BD9A-C7FC1AF68EB9}.Ad-Hoc|iPhoneSimulator.ActiveCfg = Debug|iPhoneSimulator
		{FA09F981-15D8-4C0C-BD9A-C7FC1AF68EB9}.Ad-Hoc|iPhoneSimulator.Build.0 = Debug|iPhoneSimulator
		{FA09F981-15D8-4C0C-BD9A-C7FC1AF68EB9}.Ad-Hoc|x64.ActiveCfg = Debug|iPhoneSimulator
		{FA09F981-15D8-4C0C-BD9A-C7FC1AF68EB9}.Ad-Hoc|x64.Build.0 = Debug|iPhoneSimulator
		{FA09F981-15D8-4C0C-BD9A-C7FC1AF68EB9}.Ad-Hoc|x86.ActiveCfg = Debug|iPhoneSimulator
		{FA09F981-15D8-4C0C-BD9A-C7FC1AF68EB9}.Ad-Hoc|x86.Build.0 = Debug|iPhoneSimulator
		{FA09F981-15D8-4C0C-BD9A-C7FC1AF68EB9}.AppStore|Any CPU.ActiveCfg = Debug|iPhoneSimulator
		{FA09F981-15D8-4C0C-BD9A-C7FC1AF68EB9}.AppStore|Any CPU.Build.0 = Debug|iPhoneSimulator
		{FA09F981-15D8-4C0C-BD9A-C7FC1AF68EB9}.AppStore|ARM.ActiveCfg = Debug|iPhoneSimulator
		{FA09F981-15D8-4C0C-BD9A-C7FC1AF68EB9}.AppStore|ARM.Build.0 = Debug|iPhoneSimulator
		{FA09F981-15D8-4C0C-BD9A-C7FC1AF68EB9}.AppStore|ARM64.ActiveCfg = Debug|iPhoneSimulator
		{FA09F981-15D8-4C0C-BD9A-C7FC1AF68EB9}.AppStore|ARM64.Build.0 = Debug|iPhoneSimulator
		{FA09F981-15D8-4C0C-BD9A-C7FC1AF68EB9}.AppStore|iPhone.ActiveCfg = Debug|iPhoneSimulator
		{FA09F981-15D8-4C0C-BD9A-C7FC1AF68EB9}.AppStore|iPhone.Build.0 = Debug|iPhoneSimulator
		{FA09F981-15D8-4C0C-BD9A-C7FC1AF68EB9}.AppStore|iPhoneSimulator.ActiveCfg = Debug|iPhoneSimulator
		{FA09F981-15D8-4C0C-BD9A-C7FC1AF68EB9}.AppStore|iPhoneSimulator.Build.0 = Debug|iPhoneSimulator
		{FA09F981-15D8-4C0C-BD9A-C7FC1AF68EB9}.AppStore|x64.ActiveCfg = Debug|iPhoneSimulator
		{FA09F981-15D8-4C0C-BD9A-C7FC1AF68EB9}.AppStore|x64.Build.0 = Debug|iPhoneSimulator
		{FA09F981-15D8-4C0C-BD9A-C7FC1AF68EB9}.AppStore|x86.ActiveCfg = Debug|iPhoneSimulator
		{FA09F981-15D8-4C0C-BD9A-C7FC1AF68EB9}.AppStore|x86.Build.0 = Debug|iPhoneSimulator
		{FA09F981-15D8-4C0C-BD9A-C7FC1AF68EB9}.Debug|Any CPU.ActiveCfg = Debug|iPhoneSimulator
		{FA09F981-15D8-4C0C-BD9A-C7FC1AF68EB9}.Debug|Any CPU.Build.0 = Debug|iPhoneSimulator
		{FA09F981-15D8-4C0C-BD9A-C7FC1AF68EB9}.Debug|ARM.ActiveCfg = Debug|iPhoneSimulator
		{FA09F981-15D8-4C0C-BD9A-C7FC1AF68EB9}.Debug|ARM.Build.0 = Debug|iPhoneSimulator
		{FA09F981-15D8-4C0C-BD9A-C7FC1AF68EB9}.Debug|ARM64.ActiveCfg = Debug|iPhoneSimulator
		{FA09F981-15D8-4C0C-BD9A-C7FC1AF68EB9}.Debug|ARM64.Build.0 = Debug|iPhoneSimulator
		{FA09F981-15D8-4C0C-BD9A-C7FC1AF68EB9}.Debug|iPhone.ActiveCfg = Debug|iPhoneSimulator
		{FA09F981-15D8-4C0C-BD9A-C7FC1AF68EB9}.Debug|iPhone.Build.0 = Debug|iPhoneSimulator
		{FA09F981-15D8-4C0C-BD9A-C7FC1AF68EB9}.Debug|iPhoneSimulator.ActiveCfg = Debug|iPhoneSimulator
		{FA09F981-15D8-4C0C-BD9A-C7FC1AF68EB9}.Debug|iPhoneSimulator.Build.0 = Debug|iPhoneSimulator
		{FA09F981-15D8-4C0C-BD9A-C7FC1AF68EB9}.Debug|x64.ActiveCfg = Debug|iPhoneSimulator
		{FA09F981-15D8-4C0C-BD9A-C7FC1AF68EB9}.Debug|x64.Build.0 = Debug|iPhoneSimulator
		{FA09F981-15D8-4C0C-BD9A-C7FC1AF68EB9}.Debug|x86.ActiveCfg = Debug|iPhoneSimulator
		{FA09F981-15D8-4C0C-BD9A-C7FC1AF68EB9}.Debug|x86.Build.0 = Debug|iPhoneSimulator
		{FA09F981-15D8-4C0C-BD9A-C7FC1AF68EB9}.Release|Any CPU.ActiveCfg = Release|iPhoneSimulator
		{FA09F981-15D8-4C0C-BD9A-C7FC1AF68EB9}.Release|Any CPU.Build.0 = Release|iPhoneSimulator
		{FA09F981-15D8-4C0C-BD9A-C7FC1AF68EB9}.Release|ARM.ActiveCfg = Release|iPhoneSimulator
		{FA09F981-15D8-4C0C-BD9A-C7FC1AF68EB9}.Release|ARM.Build.0 = Release|iPhoneSimulator
		{FA09F981-15D8-4C0C-BD9A-C7FC1AF68EB9}.Release|ARM64.ActiveCfg = Release|iPhoneSimulator
		{FA09F981-15D8-4C0C-BD9A-C7FC1AF68EB9}.Release|ARM64.Build.0 = Release|iPhoneSimulator
		{FA09F981-15D8-4C0C-BD9A-C7FC1AF68EB9}.Release|iPhone.ActiveCfg = Release|iPhoneSimulator
		{FA09F981-15D8-4C0C-BD9A-C7FC1AF68EB9}.Release|iPhone.Build.0 = Release|iPhoneSimulator
		{FA09F981-15D8-4C0C-BD9A-C7FC1AF68EB9}.Release|iPhoneSimulator.ActiveCfg = Release|iPhoneSimulator
		{FA09F981-15D8-4C0C-BD9A-C7FC1AF68EB9}.Release|iPhoneSimulator.Build.0 = Release|iPhoneSimulator
		{FA09F981-15D8-4C0C-BD9A-C7FC1AF68EB9}.Release|x64.ActiveCfg = Release|iPhoneSimulator
		{FA09F981-15D8-4C0C-BD9A-C7FC1AF68EB9}.Release|x64.Build.0 = Release|iPhoneSimulator
		{FA09F981-15D8-4C0C-BD9A-C7FC1AF68EB9}.Release|x86.ActiveCfg = Release|iPhoneSimulator
		{FA09F981-15D8-4C0C-BD9A-C7FC1AF68EB9}.Release|x86.Build.0 = Release|iPhoneSimulator
		{DFE414B7-CE8A-4901-AEF3-EA36BDD0923A}.Ad-Hoc|Any CPU.ActiveCfg = Debug|Any CPU
		{DFE414B7-CE8A-4901-AEF3-EA36BDD0923A}.Ad-Hoc|Any CPU.Build.0 = Debug|Any CPU
		{DFE414B7-CE8A-4901-AEF3-EA36BDD0923A}.Ad-Hoc|ARM.ActiveCfg = Debug|Any CPU
		{DFE414B7-CE8A-4901-AEF3-EA36BDD0923A}.Ad-Hoc|ARM.Build.0 = Debug|Any CPU
		{DFE414B7-CE8A-4901-AEF3-EA36BDD0923A}.Ad-Hoc|ARM64.ActiveCfg = Debug|Any CPU
		{DFE414B7-CE8A-4901-AEF3-EA36BDD0923A}.Ad-Hoc|ARM64.Build.0 = Debug|Any CPU
		{DFE414B7-CE8A-4901-AEF3-EA36BDD0923A}.Ad-Hoc|iPhone.ActiveCfg = Debug|Any CPU
		{DFE414B7-CE8A-4901-AEF3-EA36BDD0923A}.Ad-Hoc|iPhone.Build.0 = Debug|Any CPU
		{DFE414B7-CE8A-4901-AEF3-EA36BDD0923A}.Ad-Hoc|iPhoneSimulator.ActiveCfg = Debug|Any CPU
		{DFE414B7-CE8A-4901-AEF3-EA36BDD0923A}.Ad-Hoc|iPhoneSimulator.Build.0 = Debug|Any CPU
		{DFE414B7-CE8A-4901-AEF3-EA36BDD0923A}.Ad-Hoc|x64.ActiveCfg = Debug|Any CPU
		{DFE414B7-CE8A-4901-AEF3-EA36BDD0923A}.Ad-Hoc|x64.Build.0 = Debug|Any CPU
		{DFE414B7-CE8A-4901-AEF3-EA36BDD0923A}.Ad-Hoc|x86.ActiveCfg = Debug|Any CPU
		{DFE414B7-CE8A-4901-AEF3-EA36BDD0923A}.Ad-Hoc|x86.Build.0 = Debug|Any CPU
		{DFE414B7-CE8A-4901-AEF3-EA36BDD0923A}.AppStore|Any CPU.ActiveCfg = Debug|Any CPU
		{DFE414B7-CE8A-4901-AEF3-EA36BDD0923A}.AppStore|Any CPU.Build.0 = Debug|Any CPU
		{DFE414B7-CE8A-4901-AEF3-EA36BDD0923A}.AppStore|ARM.ActiveCfg = Debug|Any CPU
		{DFE414B7-CE8A-4901-AEF3-EA36BDD0923A}.AppStore|ARM.Build.0 = Debug|Any CPU
		{DFE414B7-CE8A-4901-AEF3-EA36BDD0923A}.AppStore|ARM64.ActiveCfg = Debug|Any CPU
		{DFE414B7-CE8A-4901-AEF3-EA36BDD0923A}.AppStore|ARM64.Build.0 = Debug|Any CPU
		{DFE414B7-CE8A-4901-AEF3-EA36BDD0923A}.AppStore|iPhone.ActiveCfg = Debug|Any CPU
		{DFE414B7-CE8A-4901-AEF3-EA36BDD0923A}.AppStore|iPhone.Build.0 = Debug|Any CPU
		{DFE414B7-CE8A-4901-AEF3-EA36BDD0923A}.AppStore|iPhoneSimulator.ActiveCfg = Debug|Any CPU
		{DFE414B7-CE8A-4901-AEF3-EA36BDD0923A}.AppStore|iPhoneSimulator.Build.0 = Debug|Any CPU
		{DFE414B7-CE8A-4901-AEF3-EA36BDD0923A}.AppStore|x64.ActiveCfg = Debug|Any CPU
		{DFE414B7-CE8A-4901-AEF3-EA36BDD0923A}.AppStore|x64.Build.0 = Debug|Any CPU
		{DFE414B7-CE8A-4901-AEF3-EA36BDD0923A}.AppStore|x86.ActiveCfg = Debug|Any CPU
		{DFE414B7-CE8A-4901-AEF3-EA36BDD0923A}.AppStore|x86.Build.0 = Debug|Any CPU
		{DFE414B7-CE8A-4901-AEF3-EA36BDD0923A}.Debug|Any CPU.ActiveCfg = Debug|Any CPU
		{DFE414B7-CE8A-4901-AEF3-EA36BDD0923A}.Debug|Any CPU.Build.0 = Debug|Any CPU
		{DFE414B7-CE8A-4901-AEF3-EA36BDD0923A}.Debug|ARM.ActiveCfg = Debug|Any CPU
		{DFE414B7-CE8A-4901-AEF3-EA36BDD0923A}.Debug|ARM.Build.0 = Debug|Any CPU
		{DFE414B7-CE8A-4901-AEF3-EA36BDD0923A}.Debug|ARM64.ActiveCfg = Debug|Any CPU
		{DFE414B7-CE8A-4901-AEF3-EA36BDD0923A}.Debug|ARM64.Build.0 = Debug|Any CPU
		{DFE414B7-CE8A-4901-AEF3-EA36BDD0923A}.Debug|iPhone.ActiveCfg = Debug|Any CPU
		{DFE414B7-CE8A-4901-AEF3-EA36BDD0923A}.Debug|iPhone.Build.0 = Debug|Any CPU
		{DFE414B7-CE8A-4901-AEF3-EA36BDD0923A}.Debug|iPhoneSimulator.ActiveCfg = Debug|Any CPU
		{DFE414B7-CE8A-4901-AEF3-EA36BDD0923A}.Debug|iPhoneSimulator.Build.0 = Debug|Any CPU
		{DFE414B7-CE8A-4901-AEF3-EA36BDD0923A}.Debug|x64.ActiveCfg = Debug|Any CPU
		{DFE414B7-CE8A-4901-AEF3-EA36BDD0923A}.Debug|x64.Build.0 = Debug|Any CPU
		{DFE414B7-CE8A-4901-AEF3-EA36BDD0923A}.Debug|x86.ActiveCfg = Debug|Any CPU
		{DFE414B7-CE8A-4901-AEF3-EA36BDD0923A}.Debug|x86.Build.0 = Debug|Any CPU
		{DFE414B7-CE8A-4901-AEF3-EA36BDD0923A}.Release|Any CPU.ActiveCfg = Release|Any CPU
		{DFE414B7-CE8A-4901-AEF3-EA36BDD0923A}.Release|Any CPU.Build.0 = Release|Any CPU
		{DFE414B7-CE8A-4901-AEF3-EA36BDD0923A}.Release|ARM.ActiveCfg = Release|Any CPU
		{DFE414B7-CE8A-4901-AEF3-EA36BDD0923A}.Release|ARM.Build.0 = Release|Any CPU
		{DFE414B7-CE8A-4901-AEF3-EA36BDD0923A}.Release|ARM64.ActiveCfg = Release|Any CPU
		{DFE414B7-CE8A-4901-AEF3-EA36BDD0923A}.Release|ARM64.Build.0 = Release|Any CPU
		{DFE414B7-CE8A-4901-AEF3-EA36BDD0923A}.Release|iPhone.ActiveCfg = Release|Any CPU
		{DFE414B7-CE8A-4901-AEF3-EA36BDD0923A}.Release|iPhone.Build.0 = Release|Any CPU
		{DFE414B7-CE8A-4901-AEF3-EA36BDD0923A}.Release|iPhoneSimulator.ActiveCfg = Release|Any CPU
		{DFE414B7-CE8A-4901-AEF3-EA36BDD0923A}.Release|iPhoneSimulator.Build.0 = Release|Any CPU
		{DFE414B7-CE8A-4901-AEF3-EA36BDD0923A}.Release|x64.ActiveCfg = Release|Any CPU
		{DFE414B7-CE8A-4901-AEF3-EA36BDD0923A}.Release|x64.Build.0 = Release|Any CPU
		{DFE414B7-CE8A-4901-AEF3-EA36BDD0923A}.Release|x86.ActiveCfg = Release|Any CPU
		{DFE414B7-CE8A-4901-AEF3-EA36BDD0923A}.Release|x86.Build.0 = Release|Any CPU
		{2421B2E5-E098-48F0-9559-DBCC94C31B68}.Ad-Hoc|Any CPU.ActiveCfg = Debug|Any CPU
		{2421B2E5-E098-48F0-9559-DBCC94C31B68}.Ad-Hoc|Any CPU.Build.0 = Debug|Any CPU
		{2421B2E5-E098-48F0-9559-DBCC94C31B68}.Ad-Hoc|ARM.ActiveCfg = Debug|Any CPU
		{2421B2E5-E098-48F0-9559-DBCC94C31B68}.Ad-Hoc|ARM.Build.0 = Debug|Any CPU
		{2421B2E5-E098-48F0-9559-DBCC94C31B68}.Ad-Hoc|ARM64.ActiveCfg = Debug|Any CPU
		{2421B2E5-E098-48F0-9559-DBCC94C31B68}.Ad-Hoc|ARM64.Build.0 = Debug|Any CPU
		{2421B2E5-E098-48F0-9559-DBCC94C31B68}.Ad-Hoc|iPhone.ActiveCfg = Debug|Any CPU
		{2421B2E5-E098-48F0-9559-DBCC94C31B68}.Ad-Hoc|iPhone.Build.0 = Debug|Any CPU
		{2421B2E5-E098-48F0-9559-DBCC94C31B68}.Ad-Hoc|iPhoneSimulator.ActiveCfg = Debug|Any CPU
		{2421B2E5-E098-48F0-9559-DBCC94C31B68}.Ad-Hoc|iPhoneSimulator.Build.0 = Debug|Any CPU
		{2421B2E5-E098-48F0-9559-DBCC94C31B68}.Ad-Hoc|x64.ActiveCfg = Debug|Any CPU
		{2421B2E5-E098-48F0-9559-DBCC94C31B68}.Ad-Hoc|x64.Build.0 = Debug|Any CPU
		{2421B2E5-E098-48F0-9559-DBCC94C31B68}.Ad-Hoc|x86.ActiveCfg = Debug|Any CPU
		{2421B2E5-E098-48F0-9559-DBCC94C31B68}.Ad-Hoc|x86.Build.0 = Debug|Any CPU
		{2421B2E5-E098-48F0-9559-DBCC94C31B68}.AppStore|Any CPU.ActiveCfg = Debug|Any CPU
		{2421B2E5-E098-48F0-9559-DBCC94C31B68}.AppStore|Any CPU.Build.0 = Debug|Any CPU
		{2421B2E5-E098-48F0-9559-DBCC94C31B68}.AppStore|ARM.ActiveCfg = Debug|Any CPU
		{2421B2E5-E098-48F0-9559-DBCC94C31B68}.AppStore|ARM.Build.0 = Debug|Any CPU
		{2421B2E5-E098-48F0-9559-DBCC94C31B68}.AppStore|ARM64.ActiveCfg = Debug|Any CPU
		{2421B2E5-E098-48F0-9559-DBCC94C31B68}.AppStore|ARM64.Build.0 = Debug|Any CPU
		{2421B2E5-E098-48F0-9559-DBCC94C31B68}.AppStore|iPhone.ActiveCfg = Debug|Any CPU
		{2421B2E5-E098-48F0-9559-DBCC94C31B68}.AppStore|iPhone.Build.0 = Debug|Any CPU
		{2421B2E5-E098-48F0-9559-DBCC94C31B68}.AppStore|iPhoneSimulator.ActiveCfg = Debug|Any CPU
		{2421B2E5-E098-48F0-9559-DBCC94C31B68}.AppStore|iPhoneSimulator.Build.0 = Debug|Any CPU
		{2421B2E5-E098-48F0-9559-DBCC94C31B68}.AppStore|x64.ActiveCfg = Debug|Any CPU
		{2421B2E5-E098-48F0-9559-DBCC94C31B68}.AppStore|x64.Build.0 = Debug|Any CPU
		{2421B2E5-E098-48F0-9559-DBCC94C31B68}.AppStore|x86.ActiveCfg = Debug|Any CPU
		{2421B2E5-E098-48F0-9559-DBCC94C31B68}.AppStore|x86.Build.0 = Debug|Any CPU
		{2421B2E5-E098-48F0-9559-DBCC94C31B68}.Debug|Any CPU.ActiveCfg = Debug|Any CPU
		{2421B2E5-E098-48F0-9559-DBCC94C31B68}.Debug|Any CPU.Build.0 = Debug|Any CPU
		{2421B2E5-E098-48F0-9559-DBCC94C31B68}.Debug|ARM.ActiveCfg = Debug|Any CPU
		{2421B2E5-E098-48F0-9559-DBCC94C31B68}.Debug|ARM.Build.0 = Debug|Any CPU
		{2421B2E5-E098-48F0-9559-DBCC94C31B68}.Debug|ARM64.ActiveCfg = Debug|Any CPU
		{2421B2E5-E098-48F0-9559-DBCC94C31B68}.Debug|ARM64.Build.0 = Debug|Any CPU
		{2421B2E5-E098-48F0-9559-DBCC94C31B68}.Debug|iPhone.ActiveCfg = Debug|Any CPU
		{2421B2E5-E098-48F0-9559-DBCC94C31B68}.Debug|iPhone.Build.0 = Debug|Any CPU
		{2421B2E5-E098-48F0-9559-DBCC94C31B68}.Debug|iPhoneSimulator.ActiveCfg = Debug|Any CPU
		{2421B2E5-E098-48F0-9559-DBCC94C31B68}.Debug|iPhoneSimulator.Build.0 = Debug|Any CPU
		{2421B2E5-E098-48F0-9559-DBCC94C31B68}.Debug|x64.ActiveCfg = Debug|Any CPU
		{2421B2E5-E098-48F0-9559-DBCC94C31B68}.Debug|x64.Build.0 = Debug|Any CPU
		{2421B2E5-E098-48F0-9559-DBCC94C31B68}.Debug|x86.ActiveCfg = Debug|Any CPU
		{2421B2E5-E098-48F0-9559-DBCC94C31B68}.Debug|x86.Build.0 = Debug|Any CPU
		{2421B2E5-E098-48F0-9559-DBCC94C31B68}.Release|Any CPU.ActiveCfg = Release|Any CPU
		{2421B2E5-E098-48F0-9559-DBCC94C31B68}.Release|Any CPU.Build.0 = Release|Any CPU
		{2421B2E5-E098-48F0-9559-DBCC94C31B68}.Release|ARM.ActiveCfg = Release|Any CPU
		{2421B2E5-E098-48F0-9559-DBCC94C31B68}.Release|ARM.Build.0 = Release|Any CPU
		{2421B2E5-E098-48F0-9559-DBCC94C31B68}.Release|ARM64.ActiveCfg = Release|Any CPU
		{2421B2E5-E098-48F0-9559-DBCC94C31B68}.Release|ARM64.Build.0 = Release|Any CPU
		{2421B2E5-E098-48F0-9559-DBCC94C31B68}.Release|iPhone.ActiveCfg = Release|Any CPU
		{2421B2E5-E098-48F0-9559-DBCC94C31B68}.Release|iPhone.Build.0 = Release|Any CPU
		{2421B2E5-E098-48F0-9559-DBCC94C31B68}.Release|iPhoneSimulator.ActiveCfg = Release|Any CPU
		{2421B2E5-E098-48F0-9559-DBCC94C31B68}.Release|iPhoneSimulator.Build.0 = Release|Any CPU
		{2421B2E5-E098-48F0-9559-DBCC94C31B68}.Release|x64.ActiveCfg = Release|Any CPU
		{2421B2E5-E098-48F0-9559-DBCC94C31B68}.Release|x64.Build.0 = Release|Any CPU
		{2421B2E5-E098-48F0-9559-DBCC94C31B68}.Release|x86.ActiveCfg = Release|Any CPU
		{2421B2E5-E098-48F0-9559-DBCC94C31B68}.Release|x86.Build.0 = Release|Any CPU
		{717950A1-6771-4122-85BF-261497DDDAC6}.Ad-Hoc|Any CPU.ActiveCfg = Debug|Any CPU
		{717950A1-6771-4122-85BF-261497DDDAC6}.Ad-Hoc|Any CPU.Build.0 = Debug|Any CPU
		{717950A1-6771-4122-85BF-261497DDDAC6}.Ad-Hoc|ARM.ActiveCfg = Debug|Any CPU
		{717950A1-6771-4122-85BF-261497DDDAC6}.Ad-Hoc|ARM.Build.0 = Debug|Any CPU
		{717950A1-6771-4122-85BF-261497DDDAC6}.Ad-Hoc|ARM64.ActiveCfg = Debug|Any CPU
		{717950A1-6771-4122-85BF-261497DDDAC6}.Ad-Hoc|ARM64.Build.0 = Debug|Any CPU
		{717950A1-6771-4122-85BF-261497DDDAC6}.Ad-Hoc|iPhone.ActiveCfg = Debug|Any CPU
		{717950A1-6771-4122-85BF-261497DDDAC6}.Ad-Hoc|iPhone.Build.0 = Debug|Any CPU
		{717950A1-6771-4122-85BF-261497DDDAC6}.Ad-Hoc|iPhoneSimulator.ActiveCfg = Debug|Any CPU
		{717950A1-6771-4122-85BF-261497DDDAC6}.Ad-Hoc|iPhoneSimulator.Build.0 = Debug|Any CPU
		{717950A1-6771-4122-85BF-261497DDDAC6}.Ad-Hoc|x64.ActiveCfg = Debug|Any CPU
		{717950A1-6771-4122-85BF-261497DDDAC6}.Ad-Hoc|x64.Build.0 = Debug|Any CPU
		{717950A1-6771-4122-85BF-261497DDDAC6}.Ad-Hoc|x86.ActiveCfg = Debug|Any CPU
		{717950A1-6771-4122-85BF-261497DDDAC6}.Ad-Hoc|x86.Build.0 = Debug|Any CPU
		{717950A1-6771-4122-85BF-261497DDDAC6}.AppStore|Any CPU.ActiveCfg = Debug|Any CPU
		{717950A1-6771-4122-85BF-261497DDDAC6}.AppStore|Any CPU.Build.0 = Debug|Any CPU
		{717950A1-6771-4122-85BF-261497DDDAC6}.AppStore|ARM.ActiveCfg = Debug|Any CPU
		{717950A1-6771-4122-85BF-261497DDDAC6}.AppStore|ARM.Build.0 = Debug|Any CPU
		{717950A1-6771-4122-85BF-261497DDDAC6}.AppStore|ARM64.ActiveCfg = Debug|Any CPU
		{717950A1-6771-4122-85BF-261497DDDAC6}.AppStore|ARM64.Build.0 = Debug|Any CPU
		{717950A1-6771-4122-85BF-261497DDDAC6}.AppStore|iPhone.ActiveCfg = Debug|Any CPU
		{717950A1-6771-4122-85BF-261497DDDAC6}.AppStore|iPhone.Build.0 = Debug|Any CPU
		{717950A1-6771-4122-85BF-261497DDDAC6}.AppStore|iPhoneSimulator.ActiveCfg = Debug|Any CPU
		{717950A1-6771-4122-85BF-261497DDDAC6}.AppStore|iPhoneSimulator.Build.0 = Debug|Any CPU
		{717950A1-6771-4122-85BF-261497DDDAC6}.AppStore|x64.ActiveCfg = Debug|Any CPU
		{717950A1-6771-4122-85BF-261497DDDAC6}.AppStore|x64.Build.0 = Debug|Any CPU
		{717950A1-6771-4122-85BF-261497DDDAC6}.AppStore|x86.ActiveCfg = Debug|Any CPU
		{717950A1-6771-4122-85BF-261497DDDAC6}.AppStore|x86.Build.0 = Debug|Any CPU
		{717950A1-6771-4122-85BF-261497DDDAC6}.Debug|Any CPU.ActiveCfg = Debug|Any CPU
		{717950A1-6771-4122-85BF-261497DDDAC6}.Debug|Any CPU.Build.0 = Debug|Any CPU
		{717950A1-6771-4122-85BF-261497DDDAC6}.Debug|ARM.ActiveCfg = Debug|Any CPU
		{717950A1-6771-4122-85BF-261497DDDAC6}.Debug|ARM.Build.0 = Debug|Any CPU
		{717950A1-6771-4122-85BF-261497DDDAC6}.Debug|ARM64.ActiveCfg = Debug|Any CPU
		{717950A1-6771-4122-85BF-261497DDDAC6}.Debug|ARM64.Build.0 = Debug|Any CPU
		{717950A1-6771-4122-85BF-261497DDDAC6}.Debug|iPhone.ActiveCfg = Debug|Any CPU
		{717950A1-6771-4122-85BF-261497DDDAC6}.Debug|iPhone.Build.0 = Debug|Any CPU
		{717950A1-6771-4122-85BF-261497DDDAC6}.Debug|iPhoneSimulator.ActiveCfg = Debug|Any CPU
		{717950A1-6771-4122-85BF-261497DDDAC6}.Debug|iPhoneSimulator.Build.0 = Debug|Any CPU
		{717950A1-6771-4122-85BF-261497DDDAC6}.Debug|x64.ActiveCfg = Debug|Any CPU
		{717950A1-6771-4122-85BF-261497DDDAC6}.Debug|x64.Build.0 = Debug|Any CPU
		{717950A1-6771-4122-85BF-261497DDDAC6}.Debug|x86.ActiveCfg = Debug|Any CPU
		{717950A1-6771-4122-85BF-261497DDDAC6}.Debug|x86.Build.0 = Debug|Any CPU
		{717950A1-6771-4122-85BF-261497DDDAC6}.Release|Any CPU.ActiveCfg = Release|Any CPU
		{717950A1-6771-4122-85BF-261497DDDAC6}.Release|Any CPU.Build.0 = Release|Any CPU
		{717950A1-6771-4122-85BF-261497DDDAC6}.Release|ARM.ActiveCfg = Release|Any CPU
		{717950A1-6771-4122-85BF-261497DDDAC6}.Release|ARM.Build.0 = Release|Any CPU
		{717950A1-6771-4122-85BF-261497DDDAC6}.Release|ARM64.ActiveCfg = Release|Any CPU
		{717950A1-6771-4122-85BF-261497DDDAC6}.Release|ARM64.Build.0 = Release|Any CPU
		{717950A1-6771-4122-85BF-261497DDDAC6}.Release|iPhone.ActiveCfg = Release|Any CPU
		{717950A1-6771-4122-85BF-261497DDDAC6}.Release|iPhone.Build.0 = Release|Any CPU
		{717950A1-6771-4122-85BF-261497DDDAC6}.Release|iPhoneSimulator.ActiveCfg = Release|Any CPU
		{717950A1-6771-4122-85BF-261497DDDAC6}.Release|iPhoneSimulator.Build.0 = Release|Any CPU
		{717950A1-6771-4122-85BF-261497DDDAC6}.Release|x64.ActiveCfg = Release|Any CPU
		{717950A1-6771-4122-85BF-261497DDDAC6}.Release|x64.Build.0 = Release|Any CPU
		{717950A1-6771-4122-85BF-261497DDDAC6}.Release|x86.ActiveCfg = Release|Any CPU
		{717950A1-6771-4122-85BF-261497DDDAC6}.Release|x86.Build.0 = Release|Any CPU
		{41A13330-3052-4EF6-81EF-103CE0646BBA}.Ad-Hoc|Any CPU.ActiveCfg = Debug|Any CPU
		{41A13330-3052-4EF6-81EF-103CE0646BBA}.Ad-Hoc|Any CPU.Build.0 = Debug|Any CPU
		{41A13330-3052-4EF6-81EF-103CE0646BBA}.Ad-Hoc|ARM.ActiveCfg = Debug|Any CPU
		{41A13330-3052-4EF6-81EF-103CE0646BBA}.Ad-Hoc|ARM.Build.0 = Debug|Any CPU
		{41A13330-3052-4EF6-81EF-103CE0646BBA}.Ad-Hoc|ARM64.ActiveCfg = Debug|Any CPU
		{41A13330-3052-4EF6-81EF-103CE0646BBA}.Ad-Hoc|ARM64.Build.0 = Debug|Any CPU
		{41A13330-3052-4EF6-81EF-103CE0646BBA}.Ad-Hoc|iPhone.ActiveCfg = Debug|Any CPU
		{41A13330-3052-4EF6-81EF-103CE0646BBA}.Ad-Hoc|iPhone.Build.0 = Debug|Any CPU
		{41A13330-3052-4EF6-81EF-103CE0646BBA}.Ad-Hoc|iPhoneSimulator.ActiveCfg = Debug|Any CPU
		{41A13330-3052-4EF6-81EF-103CE0646BBA}.Ad-Hoc|iPhoneSimulator.Build.0 = Debug|Any CPU
		{41A13330-3052-4EF6-81EF-103CE0646BBA}.Ad-Hoc|x64.ActiveCfg = Debug|Any CPU
		{41A13330-3052-4EF6-81EF-103CE0646BBA}.Ad-Hoc|x64.Build.0 = Debug|Any CPU
		{41A13330-3052-4EF6-81EF-103CE0646BBA}.Ad-Hoc|x86.ActiveCfg = Debug|Any CPU
		{41A13330-3052-4EF6-81EF-103CE0646BBA}.Ad-Hoc|x86.Build.0 = Debug|Any CPU
		{41A13330-3052-4EF6-81EF-103CE0646BBA}.AppStore|Any CPU.ActiveCfg = Debug|Any CPU
		{41A13330-3052-4EF6-81EF-103CE0646BBA}.AppStore|Any CPU.Build.0 = Debug|Any CPU
		{41A13330-3052-4EF6-81EF-103CE0646BBA}.AppStore|ARM.ActiveCfg = Debug|Any CPU
		{41A13330-3052-4EF6-81EF-103CE0646BBA}.AppStore|ARM.Build.0 = Debug|Any CPU
		{41A13330-3052-4EF6-81EF-103CE0646BBA}.AppStore|ARM64.ActiveCfg = Debug|Any CPU
		{41A13330-3052-4EF6-81EF-103CE0646BBA}.AppStore|ARM64.Build.0 = Debug|Any CPU
		{41A13330-3052-4EF6-81EF-103CE0646BBA}.AppStore|iPhone.ActiveCfg = Debug|Any CPU
		{41A13330-3052-4EF6-81EF-103CE0646BBA}.AppStore|iPhone.Build.0 = Debug|Any CPU
		{41A13330-3052-4EF6-81EF-103CE0646BBA}.AppStore|iPhoneSimulator.ActiveCfg = Debug|Any CPU
		{41A13330-3052-4EF6-81EF-103CE0646BBA}.AppStore|iPhoneSimulator.Build.0 = Debug|Any CPU
		{41A13330-3052-4EF6-81EF-103CE0646BBA}.AppStore|x64.ActiveCfg = Debug|Any CPU
		{41A13330-3052-4EF6-81EF-103CE0646BBA}.AppStore|x64.Build.0 = Debug|Any CPU
		{41A13330-3052-4EF6-81EF-103CE0646BBA}.AppStore|x86.ActiveCfg = Debug|Any CPU
		{41A13330-3052-4EF6-81EF-103CE0646BBA}.AppStore|x86.Build.0 = Debug|Any CPU
		{41A13330-3052-4EF6-81EF-103CE0646BBA}.Debug|Any CPU.ActiveCfg = Debug|Any CPU
		{41A13330-3052-4EF6-81EF-103CE0646BBA}.Debug|Any CPU.Build.0 = Debug|Any CPU
		{41A13330-3052-4EF6-81EF-103CE0646BBA}.Debug|ARM.ActiveCfg = Debug|Any CPU
		{41A13330-3052-4EF6-81EF-103CE0646BBA}.Debug|ARM.Build.0 = Debug|Any CPU
		{41A13330-3052-4EF6-81EF-103CE0646BBA}.Debug|ARM64.ActiveCfg = Debug|Any CPU
		{41A13330-3052-4EF6-81EF-103CE0646BBA}.Debug|ARM64.Build.0 = Debug|Any CPU
		{41A13330-3052-4EF6-81EF-103CE0646BBA}.Debug|iPhone.ActiveCfg = Debug|Any CPU
		{41A13330-3052-4EF6-81EF-103CE0646BBA}.Debug|iPhone.Build.0 = Debug|Any CPU
		{41A13330-3052-4EF6-81EF-103CE0646BBA}.Debug|iPhoneSimulator.ActiveCfg = Debug|Any CPU
		{41A13330-3052-4EF6-81EF-103CE0646BBA}.Debug|iPhoneSimulator.Build.0 = Debug|Any CPU
		{41A13330-3052-4EF6-81EF-103CE0646BBA}.Debug|x64.ActiveCfg = Debug|Any CPU
		{41A13330-3052-4EF6-81EF-103CE0646BBA}.Debug|x64.Build.0 = Debug|Any CPU
		{41A13330-3052-4EF6-81EF-103CE0646BBA}.Debug|x86.ActiveCfg = Debug|Any CPU
		{41A13330-3052-4EF6-81EF-103CE0646BBA}.Debug|x86.Build.0 = Debug|Any CPU
		{41A13330-3052-4EF6-81EF-103CE0646BBA}.Release|Any CPU.ActiveCfg = Release|Any CPU
		{41A13330-3052-4EF6-81EF-103CE0646BBA}.Release|Any CPU.Build.0 = Release|Any CPU
		{41A13330-3052-4EF6-81EF-103CE0646BBA}.Release|ARM.ActiveCfg = Release|Any CPU
		{41A13330-3052-4EF6-81EF-103CE0646BBA}.Release|ARM.Build.0 = Release|Any CPU
		{41A13330-3052-4EF6-81EF-103CE0646BBA}.Release|ARM64.ActiveCfg = Release|Any CPU
		{41A13330-3052-4EF6-81EF-103CE0646BBA}.Release|ARM64.Build.0 = Release|Any CPU
		{41A13330-3052-4EF6-81EF-103CE0646BBA}.Release|iPhone.ActiveCfg = Release|Any CPU
		{41A13330-3052-4EF6-81EF-103CE0646BBA}.Release|iPhone.Build.0 = Release|Any CPU
		{41A13330-3052-4EF6-81EF-103CE0646BBA}.Release|iPhoneSimulator.ActiveCfg = Release|Any CPU
		{41A13330-3052-4EF6-81EF-103CE0646BBA}.Release|iPhoneSimulator.Build.0 = Release|Any CPU
		{41A13330-3052-4EF6-81EF-103CE0646BBA}.Release|x64.ActiveCfg = Release|Any CPU
		{41A13330-3052-4EF6-81EF-103CE0646BBA}.Release|x64.Build.0 = Release|Any CPU
		{41A13330-3052-4EF6-81EF-103CE0646BBA}.Release|x86.ActiveCfg = Release|Any CPU
		{41A13330-3052-4EF6-81EF-103CE0646BBA}.Release|x86.Build.0 = Release|Any CPU
	EndGlobalSection
	GlobalSection(SolutionProperties) = preSolution
		HideSolutionNode = FALSE
	EndGlobalSection
	GlobalSection(NestedProjects) = preSolution
		{F7324175-1F26-4454-B1D1-4ED9A9106252} = {CEF47E84-7FEF-4180-B396-18BFB6F581BE}
		{68FE9298-33C1-476C-ABBC-70B59859D490} = {CEF47E84-7FEF-4180-B396-18BFB6F581BE}
		{79766263-292B-41F3-9D2B-AABF8A48A649} = {CEF47E84-7FEF-4180-B396-18BFB6F581BE}
		{E786042E-9DB5-4846-AF83-378ACDFD9CB4} = {CEF47E84-7FEF-4180-B396-18BFB6F581BE}
		{FA09F981-15D8-4C0C-BD9A-C7FC1AF68EB9} = {CEF47E84-7FEF-4180-B396-18BFB6F581BE}
		{DFE414B7-CE8A-4901-AEF3-EA36BDD0923A} = {CEF47E84-7FEF-4180-B396-18BFB6F581BE}
		{2421B2E5-E098-48F0-9559-DBCC94C31B68} = {CEF47E84-7FEF-4180-B396-18BFB6F581BE}
		{717950A1-6771-4122-85BF-261497DDDAC6} = {CEF47E84-7FEF-4180-B396-18BFB6F581BE}
		{41A13330-3052-4EF6-81EF-103CE0646BBA} = {CEF47E84-7FEF-4180-B396-18BFB6F581BE}
	EndGlobalSection
	GlobalSection(ExtensibilityGlobals) = postSolution
		SolutionGuid = {A4282855-F5F5-44B0-9D87-60D1344D1172}
	EndGlobalSection
EndGlobal
